
Microsoft Visual Studio Solution File, Format Version 12.00
# Visual Studio 15
VisualStudioVersion = 15.0.26730.12
MinimumVisualStudioVersion = 10.0.40219.1
Project("{FAE04EC0-301F-11D3-BF4B-00C04F79EFBC}") = "HKUSTBarnInit", "HKUSTBarnInit\HKUSTBarnInit.csproj", "{8C295087-58B9-4A9D-9628-191B5D0CFDC9}"
EndProject
Global
	GlobalSection(SolutionConfigurationPlatforms) = preSolution
		Debug|Any CPU = Debug|Any CPU
		Release|Any CPU = Release|Any CPU
	EndGlobalSection
	GlobalSection(ProjectConfigurationPlatforms) = postSolution
		{8C295087-58B9-4A9D-9628-191B5D0CFDC9}.Debug|Any CPU.ActiveCfg = Debug|Any CPU
		{8C295087-58B9-4A9D-9628-191B5D0CFDC9}.Debug|Any CPU.Build.0 = Debug|Any CPU
		{8C295087-58B9-4A9D-9628-191B5D0CFDC9}.Release|Any CPU.ActiveCfg = Release|Any CPU
		{8C295087-58B9-4A9D-9628-191B5D0CFDC9}.Release|Any CPU.Build.0 = Release|Any CPU
	EndGlobalSection
	GlobalSection(SolutionProperties) = preSolution
		HideSolutionNode = FALSE
	EndGlobalSection
	GlobalSection(ExtensibilityGlobals) = postSolution
		SolutionGuid = {C0BF47AC-0CE4-4159-BDB1-87A0F2F4D39C}
	EndGlobalSection
EndGlobal
